
Microsoft Visual Studio Solution File, Format Version 12.00
# Visual Studio 14
VisualStudioVersion = 14.0.24720.0
MinimumVisualStudioVersion = 10.0.40219.1
Project("{2150E333-8FDC-42A3-9474-1A3956D46DE8}") = "Solution Items", "Solution Items", "{5FB912E5-DA92-4046-B592-D6BEB8E8A05E}"
	ProjectSection(SolutionItems) = preProject
		README.md = README.md
	EndProjectSection
EndProject
Project("{8BC9CEB8-8B4A-11D0-8D11-00A0C91BC942}") = "AwaitAsyncforArduino_Converted", "AwaitAsyncforArduino_Converted\AwaitAsyncforArduino_Converted.vcxproj", "{C1A69C0D-278F-4B91-8062-5BCFB61BA9BD}"
EndProject
Project("{8BC9CEB8-8B4A-11D0-8D11-00A0C91BC942}") = "AwaitAsyncforArduino", "AwaitAsyncforArduino\AwaitAsyncforArduino.vcxproj", "{C5F80730-F44F-4478-BDAE-6634EFC2CA88}"
EndProject
Project("{FAE04EC0-301F-11D3-BF4B-00C04F79EFBC}") = "AsyncConverter", "AsyncConverter\AsyncConverter.csproj", "{28083A3B-E220-4F7E-8CAF-434772D86792}"
EndProject
Project("{8BC9CEB8-8B4A-11D0-8D11-00A0C91BC942}") = "AwaitAsyncforArduino_Manual", "AwaitAsyncforArduino_Manual\AwaitAsyncforArduino_Manual.vcxproj", "{F5FC7E1C-174F-4E7F-8B5C-A26B478AB465}"
EndProject
Global
	GlobalSection(SolutionConfigurationPlatforms) = preSolution
		Debug|Any CPU = Debug|Any CPU
		Debug|x86 = Debug|x86
		Release|Any CPU = Release|Any CPU
		Release|x86 = Release|x86
	EndGlobalSection
	GlobalSection(ProjectConfigurationPlatforms) = postSolution
		{C1A69C0D-278F-4B91-8062-5BCFB61BA9BD}.Debug|Any CPU.ActiveCfg = Debug|Win32
		{C1A69C0D-278F-4B91-8062-5BCFB61BA9BD}.Debug|x86.ActiveCfg = Debug|Win32
		{C1A69C0D-278F-4B91-8062-5BCFB61BA9BD}.Debug|x86.Build.0 = Debug|Win32
		{C1A69C0D-278F-4B91-8062-5BCFB61BA9BD}.Release|Any CPU.ActiveCfg = Release|Win32
		{C1A69C0D-278F-4B91-8062-5BCFB61BA9BD}.Release|x86.ActiveCfg = Release|Win32
		{C1A69C0D-278F-4B91-8062-5BCFB61BA9BD}.Release|x86.Build.0 = Release|Win32
		{C5F80730-F44F-4478-BDAE-6634EFC2CA88}.Debug|Any CPU.ActiveCfg = Debug|Win32
		{C5F80730-F44F-4478-BDAE-6634EFC2CA88}.Debug|x86.ActiveCfg = Debug|Win32
		{C5F80730-F44F-4478-BDAE-6634EFC2CA88}.Debug|x86.Build.0 = Debug|Win32
		{C5F80730-F44F-4478-BDAE-6634EFC2CA88}.Release|Any CPU.ActiveCfg = Release|Win32
		{C5F80730-F44F-4478-BDAE-6634EFC2CA88}.Release|x86.ActiveCfg = Release|Win32
		{C5F80730-F44F-4478-BDAE-6634EFC2CA88}.Release|x86.Build.0 = Release|Win32
		{28083A3B-E220-4F7E-8CAF-434772D86792}.Debug|Any CPU.ActiveCfg = Debug|Any CPU
		{28083A3B-E220-4F7E-8CAF-434772D86792}.Debug|Any CPU.Build.0 = Debug|Any CPU
		{28083A3B-E220-4F7E-8CAF-434772D86792}.Debug|x86.ActiveCfg = Debug|Any CPU
		{28083A3B-E220-4F7E-8CAF-434772D86792}.Debug|x86.Build.0 = Debug|Any CPU
		{28083A3B-E220-4F7E-8CAF-434772D86792}.Release|Any CPU.ActiveCfg = Release|Any CPU
		{28083A3B-E220-4F7E-8CAF-434772D86792}.Release|Any CPU.Build.0 = Release|Any CPU
		{28083A3B-E220-4F7E-8CAF-434772D86792}.Release|x86.ActiveCfg = Release|Any CPU
		{28083A3B-E220-4F7E-8CAF-434772D86792}.Release|x86.Build.0 = Release|Any CPU
		{F5FC7E1C-174F-4E7F-8B5C-A26B478AB465}.Debug|Any CPU.ActiveCfg = Debug|Win32
		{F5FC7E1C-174F-4E7F-8B5C-A26B478AB465}.Debug|x86.ActiveCfg = Debug|Win32
		{F5FC7E1C-174F-4E7F-8B5C-A26B478AB465}.Debug|x86.Build.0 = Debug|Win32
		{F5FC7E1C-174F-4E7F-8B5C-A26B478AB465}.Release|Any CPU.ActiveCfg = Release|Win32
		{F5FC7E1C-174F-4E7F-8B5C-A26B478AB465}.Release|x86.ActiveCfg = Release|Win32
		{F5FC7E1C-174F-4E7F-8B5C-A26B478AB465}.Release|x86.Build.0 = Release|Win32
	EndGlobalSection
	GlobalSection(SolutionProperties) = preSolution
		HideSolutionNode = FALSE
	EndGlobalSection
EndGlobal
